{
  "name": "finddit",
  "version": "1.0.0",
  "lockfileVersion": 1,
  "requires": true,
  "dependencies": {
    "redditapi": {
      "version": "1.0.1",
      "resolved": "https://registry.npmjs.org/redditapi/-/redditapi-1.0.1.tgz",
      "integrity": "sha512-dgKsK+eGx0d1Apbe80bDhYNMKFRI+bULAsRl9mUrqaJyil1o4ar2Q6oLZE5lGaus+eh3uQySNFfSfT5b3FLmxQ=="
    }
  }
}
